<?xml version="1.0" encoding="utf-8"?>
<Project ToolsVersion="4.0" xmlns="http://schemas.microsoft.com/developer/msbuild/2003">
  <ItemGroup>
    <Filter Include="Source Files">
      <UniqueIdentifier>{4FC737F1-C7A5-4376-A066-2A32D752A2FF}</UniqueIdentifier>
      <Extensions>cpp;c;cc;cxx;def;odl;idl;hpj;bat;asm;asmx</Extensions>
    </Filter>
    <Filter Include="Header Files">
      <UniqueIdentifier>{93995380-89BD-4b04-88EB-625FBE52EBFB}</UniqueIdentifier>
      <Extensions>h;hh;hpp;hxx;hm;inl;inc;xsd</Extensions>
    </Filter>
    <Filter Include="Resource Files">
      <UniqueIdentifier>{67DA6AB6-F800-4c08-8B7A-83BB121AAD01}</UniqueIdentifier>
      <Extensions>rc;ico;cur;bmp;dlg;rc2;rct;bin;rgs;gif;jpg;jpeg;jpe;resx;tiff;tif;png;wav;mfcribbon-ms</Extensions>
    </Filter>
    <Filter Include="Header Files\external">
      <UniqueIdentifier>{93a741f6-79fc-47b1-a1a4-93bbd531f262}</UniqueIdentifier>
    </Filter>
    <Filter Include="Source Files\external">
      <UniqueIdentifier>{c41a3c2f-de31-4243-9a7a-657e5aaa10a1}</UniqueIdentifier>
    </Filter>
  </ItemGroup>
  <ItemGroup>
    <ClInclude Include="..\atom.h">
      <Filter>Header Files</Filter>
    </ClInclude>
    <ClInclude Include="..\cal_energy.h">
      <Filter>Header Files</Filter>
    </ClInclude>
    <ClInclude Include="..\collision_grid.h">
      <Filter>Header Files</Filter>
    </ClInclude>
    <ClInclude Include="..\frag_lib_manager.h">
      <Filter>Header Files</Filter>
    </ClInclude>
    <ClInclude Include="..\matrix.h">
      <Filter>Header Files</Filter>
    </ClInclude>
    <ClInclude Include="..\mutation_manager.h">
      <Filter>Header Files</Filter>
    </ClInclude>
    <ClInclude Include="..\params.h">
      <Filter>Header Files</Filter>
    </ClInclude>
    <ClInclude Include="..\potential.h">
      <Filter>Header Files</Filter>
    </ClInclude>
    <ClInclude Include="..\reprst.h">
      <Filter>Header Files</Filter>
    </ClInclude>
    <ClInclude Include="..\residue.h">
      <Filter>Header Files</Filter>
    </ClInclude>
    <ClInclude Include="..\rotamer.h">
      <Filter>Header Files</Filter>
    </ClInclude>
    <ClInclude Include="..\sample_states.h">
      <Filter>Header Files</Filter>
    </ClInclude>
    <ClInclude Include="..\smc.h">
      <Filter>Header Files</Filter>
    </ClInclude>
    <ClInclude Include="..\structure.h">
      <Filter>Header Files</Filter>
    </ClInclude>
    <ClInclude Include="..\util.h">
      <Filter>Header Files</Filter>
    </ClInclude>
    <ClInclude Include="..\config\ConfigFile.h">
      <Filter>Header Files\external</Filter>
    </ClInclude>
    <ClInclude Include="..\loop_closure_c\sturm.h">
      <Filter>Header Files\external</Filter>
    </ClInclude>
    <ClInclude Include="..\loop_closure_c\tripep_closure.h">
      <Filter>Header Files\external</Filter>
    </ClInclude>
    <ClInclude Include="..\vla.h">
      <Filter>Header Files</Filter>
    </ClInclude>
    <ClInclude Include="..\potential_frontend_loodis.h">
      <Filter>Header Files</Filter>
    </ClInclude>
    <ClInclude Include="..\energy_stats.h">
      <Filter>Header Files</Filter>
    </ClInclude>
    <ClInclude Include="..\energy_stats_writer.h">
      <Filter>Header Files</Filter>
    </ClInclude>
    <ClInclude Include="..\collision_frontend.h">
      <Filter>Header Files</Filter>
    </ClInclude>
    <ClInclude Include="..\build.h">
      <Filter>Header Files</Filter>
    </ClInclude>
    <ClInclude Include="..\vdw_utils.h">
      <Filter>Header Files</Filter>
    </ClInclude>
    <ClInclude Include="..\collision_logger.h">
      <Filter>Header Files</Filter>
    </ClInclude>
    <ClInclude Include="..\membrane.h">
      <Filter>Header Files</Filter>
    </ClInclude>
    <ClInclude Include="..\collision_grid_prot.h">
      <Filter>Header Files</Filter>
    </ClInclude>
    <ClInclude Include="..\point.h">
      <Filter>Header Files</Filter>
    </ClInclude>
    <ClInclude Include="..\misc_structs.h">
      <Filter>Header Files</Filter>
    </ClInclude>
    <ClInclude Include="..\dirent_win.h">
      <Filter>Header Files\external</Filter>
    </ClInclude>
    <ClInclude Include="..\dirent_xplat.h">
      <Filter>Header Files</Filter>
    </ClInclude>
    <ClInclude Include="..\pdb_reader.h">
      <Filter>Header Files</Filter>
    </ClInclude>
  </ItemGroup>
  <ItemGroup>
    <ClCompile Include="..\atom.cpp">
      <Filter>Source Files</Filter>
    </ClCompile>
    <ClCompile Include="..\cal_energy.cpp">
      <Filter>Source Files</Filter>
    </ClCompile>
    <ClCompile Include="..\frag_lib_manager.cpp">
      <Filter>Source Files</Filter>
    </ClCompile>
    <ClCompile Include="..\grow_one_util.cpp">
      <Filter>Source Files</Filter>
    </ClCompile>
    <ClCompile Include="..\main.cpp">
      <Filter>Source Files</Filter>
    </ClCompile>
    <ClCompile Include="..\matrix.cpp">
      <Filter>Source Files</Filter>
    </ClCompile>
    <ClCompile Include="..\mutation_manager.cpp">
      <Filter>Source Files</Filter>
    </ClCompile>
    <ClCompile Include="..\params.cpp">
      <Filter>Source Files</Filter>
    </ClCompile>
    <ClCompile Include="..\potential.cpp">
      <Filter>Source Files</Filter>
    </ClCompile>
    <ClCompile Include="..\reprst.cpp">
      <Filter>Source Files</Filter>
    </ClCompile>
    <ClCompile Include="..\residue.cpp">
      <Filter>Source Files</Filter>
    </ClCompile>
    <ClCompile Include="..\rotamer.cpp">
      <Filter>Source Files</Filter>
    </ClCompile>
    <ClCompile Include="..\sample_states.cpp">
      <Filter>Source Files</Filter>
    </ClCompile>
    <ClCompile Include="..\smc.cpp">
      <Filter>Source Files</Filter>
    </ClCompile>
    <ClCompile Include="..\structure.cpp">
      <Filter>Source Files</Filter>
    </ClCompile>
    <ClCompile Include="..\util.cpp">
      <Filter>Source Files</Filter>
    </ClCompile>
    <ClCompile Include="..\config\ConfigFile.cpp">
      <Filter>Source Files\external</Filter>
    </ClCompile>
    <ClCompile Include="..\energy_stats.cpp">
      <Filter>Source Files</Filter>
    </ClCompile>
    <ClCompile Include="..\collision_frontend.cpp">
      <Filter>Source Files</Filter>
    </ClCompile>
    <ClCompile Include="..\vdw_utils.cpp">
      <Filter>Source Files</Filter>
    </ClCompile>
    <ClCompile Include="..\collision_grid_prot.cpp">
      <Filter>Source Files</Filter>
    </ClCompile>
    <ClCompile Include="..\membrane.cpp">
      <Filter>Source Files</Filter>
    </ClCompile>
    <ClCompile Include="..\cluster_exporter.cpp">
      <Filter>Source Files</Filter>
    </ClCompile>
    <ClCompile Include="..\pdb_reader.cpp">
      <Filter>Source Files</Filter>
    </ClCompile>
  </ItemGroup>
</Project>