<?xml version="1.0" encoding="utf-8"?>
<Project ToolsVersion="4.0" xmlns="http://schemas.microsoft.com/developer/msbuild/2003">
  <ItemGroup>
    <Filter Include="Source Files">
      <UniqueIdentifier>{4FC737F1-C7A5-4376-A066-2A32D752A2FF}</UniqueIdentifier>
      <Extensions>cpp;c;cc;cxx;def;odl;idl;hpj;bat;asm;asmx</Extensions>
    </Filter>
    <Filter Include="Header Files">
      <UniqueIdentifier>{93995380-89BD-4b04-88EB-625FBE52EBFB}</UniqueIdentifier>
      <Extensions>h;hh;hpp;hxx;hm;inl;inc;xsd</Extensions>
    </Filter>
    <Filter Include="Resource Files">
      <UniqueIdentifier>{67DA6AB6-F800-4c08-8B7A-83BB121AAD01}</UniqueIdentifier>
      <Extensions>rc;ico;cur;bmp;dlg;rc2;rct;bin;rgs;gif;jpg;jpeg;jpe;resx;tiff;tif;png;wav;mfcribbon-ms</Extensions>
    </Filter>
    <Filter Include="Header Files\external">
      <UniqueIdentifier>{93a741f6-79fc-47b1-a1a4-93bbd531f262}</UniqueIdentifier>
    </Filter>
    <Filter Include="Source Files\external">
      <UniqueIdentifier>{c41a3c2f-de31-4243-9a7a-657e5aaa10a1}</UniqueIdentifier>
    </Filter>
  </ItemGroup>
  <ItemGroup>
    <ClInclude Include="..\source\atom.h">
      <Filter>Header Files</Filter>
    </ClInclude>
    <ClInclude Include="..\source\cal_energy.h">
      <Filter>Header Files</Filter>
    </ClInclude>
    <ClInclude Include="..\source\collision_grid.h">
      <Filter>Header Files</Filter>
    </ClInclude>
    <ClInclude Include="..\source\frag_lib_manager.h">
      <Filter>Header Files</Filter>
    </ClInclude>
    <ClInclude Include="..\source\matrix.h">
      <Filter>Header Files</Filter>
    </ClInclude>
    <ClInclude Include="..\source\mutation_manager.h">
      <Filter>Header Files</Filter>
    </ClInclude>
    <ClInclude Include="..\source\params.h">
      <Filter>Header Files</Filter>
    </ClInclude>
    <ClInclude Include="..\source\potential.h">
      <Filter>Header Files</Filter>
    </ClInclude>
    <ClInclude Include="..\source\reprst.h">
      <Filter>Header Files</Filter>
    </ClInclude>
    <ClInclude Include="..\source\residue.h">
      <Filter>Header Files</Filter>
    </ClInclude>
    <ClInclude Include="..\source\rotamer.h">
      <Filter>Header Files</Filter>
    </ClInclude>
    <ClInclude Include="..\source\sample_states.h">
      <Filter>Header Files</Filter>
    </ClInclude>
    <ClInclude Include="..\source\smc.h">
      <Filter>Header Files</Filter>
    </ClInclude>
    <ClInclude Include="..\source\structure.h">
      <Filter>Header Files</Filter>
    </ClInclude>
    <ClInclude Include="..\source\util.h">
      <Filter>Header Files</Filter>
    </ClInclude>
    <ClInclude Include="..\source\config\ConfigFile.h">
      <Filter>Header Files\external</Filter>
    </ClInclude>
    <ClInclude Include="..\source\loop_closure_c\sturm.h">
      <Filter>Header Files\external</Filter>
    </ClInclude>
    <ClInclude Include="..\source\loop_closure_c\tripep_closure.h">
      <Filter>Header Files\external</Filter>
    </ClInclude>
    <ClInclude Include="..\source\vla.h">
      <Filter>Header Files</Filter>
    </ClInclude>
    <ClInclude Include="..\source\potential_frontend_loodis.h">
      <Filter>Header Files</Filter>
    </ClInclude>
    <ClInclude Include="..\source\energy_stats.h">
      <Filter>Header Files</Filter>
    </ClInclude>
    <ClInclude Include="..\source\energy_stats_writer.h">
      <Filter>Header Files</Filter>
    </ClInclude>
    <ClInclude Include="..\source\collision_frontend.h">
      <Filter>Header Files</Filter>
    </ClInclude>
    <ClInclude Include="..\source\build.h">
      <Filter>Header Files</Filter>
    </ClInclude>
    <ClInclude Include="..\source\vdw_utils.h">
      <Filter>Header Files</Filter>
    </ClInclude>
    <ClInclude Include="..\source\collision_logger.h">
      <Filter>Header Files</Filter>
    </ClInclude>
    <ClInclude Include="..\source\membrane.h">
      <Filter>Header Files</Filter>
    </ClInclude>
    <ClInclude Include="..\source\collision_grid_prot.h">
      <Filter>Header Files</Filter>
    </ClInclude>
    <ClInclude Include="..\source\point.h">
      <Filter>Header Files</Filter>
    </ClInclude>
    <ClInclude Include="..\source\misc_structs.h">
      <Filter>Header Files</Filter>
    </ClInclude>
    <ClInclude Include="..\source\dirent_win.h">
      <Filter>Header Files\external</Filter>
    </ClInclude>
    <ClInclude Include="..\source\dirent_xplat.h">
      <Filter>Header Files</Filter>
    </ClInclude>
    <ClInclude Include="..\source\pdb_reader.h">
      <Filter>Header Files</Filter>
    </ClInclude>
  </ItemGroup>
  <ItemGroup>
    <ClCompile Include="..\source\atom.cpp">
      <Filter>Source Files</Filter>
    </ClCompile>
    <ClCompile Include="..\source\cal_energy.cpp">
      <Filter>Source Files</Filter>
    </ClCompile>
    <ClCompile Include="..\source\frag_lib_manager.cpp">
      <Filter>Source Files</Filter>
    </ClCompile>
    <ClCompile Include="..\source\grow_one_util.cpp">
      <Filter>Source Files</Filter>
    </ClCompile>
    <ClCompile Include="..\source\main.cpp">
      <Filter>Source Files</Filter>
    </ClCompile>
    <ClCompile Include="..\source\matrix.cpp">
      <Filter>Source Files</Filter>
    </ClCompile>
    <ClCompile Include="..\source\mutation_manager.cpp">
      <Filter>Source Files</Filter>
    </ClCompile>
    <ClCompile Include="..\source\params.cpp">
      <Filter>Source Files</Filter>
    </ClCompile>
    <ClCompile Include="..\source\potential.cpp">
      <Filter>Source Files</Filter>
    </ClCompile>
    <ClCompile Include="..\source\reprst.cpp">
      <Filter>Source Files</Filter>
    </ClCompile>
    <ClCompile Include="..\source\residue.cpp">
      <Filter>Source Files</Filter>
    </ClCompile>
    <ClCompile Include="..\source\rotamer.cpp">
      <Filter>Source Files</Filter>
    </ClCompile>
    <ClCompile Include="..\source\sample_states.cpp">
      <Filter>Source Files</Filter>
    </ClCompile>
    <ClCompile Include="..\source\smc.cpp">
      <Filter>Source Files</Filter>
    </ClCompile>
    <ClCompile Include="..\source\structure.cpp">
      <Filter>Source Files</Filter>
    </ClCompile>
    <ClCompile Include="..\source\util.cpp">
      <Filter>Source Files</Filter>
    </ClCompile>
    <ClCompile Include="..\source\config\ConfigFile.cpp">
      <Filter>Source Files\external</Filter>
    </ClCompile>
    <ClCompile Include="..\source\energy_stats.cpp">
      <Filter>Source Files</Filter>
    </ClCompile>
    <ClCompile Include="..\source\collision_frontend.cpp">
      <Filter>Source Files</Filter>
    </ClCompile>
    <ClCompile Include="..\source\vdw_utils.cpp">
      <Filter>Source Files</Filter>
    </ClCompile>
    <ClCompile Include="..\source\collision_grid_prot.cpp">
      <Filter>Source Files</Filter>
    </ClCompile>
    <ClCompile Include="..\source\membrane.cpp">
      <Filter>Source Files</Filter>
    </ClCompile>
    <ClCompile Include="..\source\cluster_exporter.cpp">
      <Filter>Source Files</Filter>
    </ClCompile>
    <ClCompile Include="..\source\pdb_reader.cpp">
      <Filter>Source Files</Filter>
    </ClCompile>
  </ItemGroup>
</Project>